
Microsoft Visual Studio Solution File, Format Version 12.00
# Visual Studio Version 16
VisualStudioVersion = 16.0.30114.105
MinimumVisualStudioVersion = 10.0.40219.1
Project("{2150E333-8FDC-42A3-9474-1A3956D46DE8}") = "src", "src", "{39A11155-8149-4DE6-8219-A27EC702A3F4}"
EndProject
Project("{FAE04EC0-301F-11D3-BF4B-00C04F79EFBC}") = "OpenApiSpecGeneration.ApiGeneration", "src\OpenApiSpecGeneration.ApiGeneration\OpenApiSpecGeneration.ApiGeneration.csproj", "{C3D0A7D2-0D5E-4A2D-9780-28C6F471CB61}"
EndProject
Project("{2150E333-8FDC-42A3-9474-1A3956D46DE8}") = "test", "test", "{D376CA18-06DA-4FE4-AFFA-BF9982270B7F}"
EndProject
Project("{FAE04EC0-301F-11D3-BF4B-00C04F79EFBC}") = "OpenApiSpecGeneration.ApiGeneration.Test", "test\OpenApiSpecGeneration.ApiGeneration.Test\OpenApiSpecGeneration.ApiGeneration.Test.csproj", "{CF61D025-61D1-4357-965E-511D53957181}"
EndProject
Project("{FAE04EC0-301F-11D3-BF4B-00C04F79EFBC}") = "OpenApiSpecGeneration.ApiGeneration.Example.Console", "src\OpenApiSpecGeneration.ApiGeneration.Example.Console\OpenApiSpecGeneration.ApiGeneration.Example.Console.csproj", "{2C2D3B1E-FA80-45AE-B42A-63EB57DB5CB0}"
EndProject
Project("{FAE04EC0-301F-11D3-BF4B-00C04F79EFBC}") = "OpenApiSpecGeneration.ApiGeneration.Redoc.Console", "src\OpenApiSpecGeneration.ApiGeneration.Redoc.Console\OpenApiSpecGeneration.ApiGeneration.Redoc.Console.csproj", "{160D4414-9E4C-4E78-98A5-5BB79D7CCAAD}"
EndProject
Global
	GlobalSection(SolutionConfigurationPlatforms) = preSolution
		Debug|Any CPU = Debug|Any CPU
		Release|Any CPU = Release|Any CPU
	EndGlobalSection
	GlobalSection(SolutionProperties) = preSolution
		HideSolutionNode = FALSE
	EndGlobalSection
	GlobalSection(ProjectConfigurationPlatforms) = postSolution
		{C3D0A7D2-0D5E-4A2D-9780-28C6F471CB61}.Debug|Any CPU.ActiveCfg = Debug|Any CPU
		{C3D0A7D2-0D5E-4A2D-9780-28C6F471CB61}.Debug|Any CPU.Build.0 = Debug|Any CPU
		{C3D0A7D2-0D5E-4A2D-9780-28C6F471CB61}.Release|Any CPU.ActiveCfg = Release|Any CPU
		{C3D0A7D2-0D5E-4A2D-9780-28C6F471CB61}.Release|Any CPU.Build.0 = Release|Any CPU
		{CF61D025-61D1-4357-965E-511D53957181}.Debug|Any CPU.ActiveCfg = Debug|Any CPU
		{CF61D025-61D1-4357-965E-511D53957181}.Debug|Any CPU.Build.0 = Debug|Any CPU
		{CF61D025-61D1-4357-965E-511D53957181}.Release|Any CPU.ActiveCfg = Release|Any CPU
		{CF61D025-61D1-4357-965E-511D53957181}.Release|Any CPU.Build.0 = Release|Any CPU
		{2C2D3B1E-FA80-45AE-B42A-63EB57DB5CB0}.Debug|Any CPU.ActiveCfg = Debug|Any CPU
		{2C2D3B1E-FA80-45AE-B42A-63EB57DB5CB0}.Debug|Any CPU.Build.0 = Debug|Any CPU
		{2C2D3B1E-FA80-45AE-B42A-63EB57DB5CB0}.Release|Any CPU.ActiveCfg = Release|Any CPU
		{2C2D3B1E-FA80-45AE-B42A-63EB57DB5CB0}.Release|Any CPU.Build.0 = Release|Any CPU
		{160D4414-9E4C-4E78-98A5-5BB79D7CCAAD}.Debug|Any CPU.ActiveCfg = Debug|Any CPU
		{160D4414-9E4C-4E78-98A5-5BB79D7CCAAD}.Debug|Any CPU.Build.0 = Debug|Any CPU
		{160D4414-9E4C-4E78-98A5-5BB79D7CCAAD}.Release|Any CPU.ActiveCfg = Release|Any CPU
		{160D4414-9E4C-4E78-98A5-5BB79D7CCAAD}.Release|Any CPU.Build.0 = Release|Any CPU
	EndGlobalSection
	GlobalSection(NestedProjects) = preSolution
		{C3D0A7D2-0D5E-4A2D-9780-28C6F471CB61} = {39A11155-8149-4DE6-8219-A27EC702A3F4}
		{CF61D025-61D1-4357-965E-511D53957181} = {D376CA18-06DA-4FE4-AFFA-BF9982270B7F}
		{2C2D3B1E-FA80-45AE-B42A-63EB57DB5CB0} = {39A11155-8149-4DE6-8219-A27EC702A3F4}
		{160D4414-9E4C-4E78-98A5-5BB79D7CCAAD} = {39A11155-8149-4DE6-8219-A27EC702A3F4}
	EndGlobalSection
EndGlobal
